dependencies:
- name: kagent-crds
  repository: oci://ghcr.io/kagent-dev/kagent/helm
  version: 0.9.1
- name: kagent
  repository: oci://ghcr.io/kagent-dev/kagent/helm
  version: 0.9.2
digest: sha256:2e4e6184412768a0b64b1389003a3514ca68d6f9b920fd59dbeaaa9b3bfe9485
generated: "2026-05-07T05:30:23.829158053Z"
