dependencies:
- name: kagent-crds
  repository: oci://ghcr.io/kagent-dev/kagent/helm
  version: 0.10.1
- name: kagent
  repository: oci://ghcr.io/kagent-dev/kagent/helm
  version: 0.10.0
digest: sha256:28e4bbdea324a4b6f864ba32eee26dba2c94307ee130357783b9e57290c893a0
generated: "2026-09-10T23:32:08.186587677Z"
