dependencies:
- name: kagent-crds
  repository: oci://ghcr.io/kagent-dev/kagent/helm
  version: 0.9.4
- name: kagent
  repository: oci://ghcr.io/kagent-dev/kagent/helm
  version: 0.9.5
digest: sha256:ae7ef4f6b30df0879aa6cf3e5002477fbd45da8b6c22c5259576d0b7822f4dcd
generated: "2026-06-02T18:12:30.141869744Z"
